{
  "name": "sswcodeauditorapp",
  "version": "1.0.0",
  "lockfileVersion": 2,
  "requires": true,
  "packages": {
    "": {
      "name": "sswcodeauditorapp",
      "version": "1.0.0",
      "license": "ISC",
      "devDependencies": {},
      "engines": {
        "node": "20",
        "npm": ">=10.0.0 <11.0.0"
      }
    }
  }
}
